// !$*UTF8*$!
{
	archiveVersion = 1;
	classes = {
	};
	objectVersion = 50;
	objects = {

/* Begin PBXBuildFile section */
		4A6DBA28254B516900D4B341 /* AppDelegate.swift in Sources */ = {isa = PBXBuildFile; fileRef = 4A6DBA27254B516900D4B341 /* AppDelegate.swift */; };
		4A6DBA2A254B516900D4B341 /* SceneDelegate.swift in Sources */ = {isa = PBXBuildFile; fileRef = 4A6DBA29254B516900D4B341 /* SceneDelegate.swift */; };
		4A6DBA2C254B516900D4B341 /* ViewController.swift in Sources */ = {isa = PBXBuildFile; fileRef = 4A6DBA2B254B516900D4B341 /* ViewController.swift */; };
		4A6DBA2F254B516900D4B341 /* Main.storyboard in Resources */ = {isa = PBXBuildFile; fileRef = 4A6DBA2D254B516900D4B341 /* Main.storyboard */; };
		4A6DBA31254B516B00D4B341 /* Assets.xcassets in Resources */ = {isa = PBXBuildFile; fileRef = 4A6DBA30254B516B00D4B341 /* Assets.xcassets */; };
		4A6DBA34254B516B00D4B341 /* LaunchScreen.storyboard in Resources */ = {isa = PBXBuildFile; fileRef = 4A6DBA32254B516B00D4B341 /* LaunchScreen.storyboard */; };
		4A6DBA3D254B517300D4B341 /* AnyEventPublisher.swift in Sources */ = {isa = PBXBuildFile; fileRef = 4A6DBA3C254B517300D4B341 /* AnyEventPublisher.swift */; };
		4A6DBA40254B518200D4B341 /* PublisherQueue.swift in Sources */ = {isa = PBXBuildFile; fileRef = 4A6DBA3F254B518200D4B341 /* PublisherQueue.swift */; };
		4A6DBA44254B53C700D4B341 /* QueuedPublisher.swift in Sources */ = {isa = PBXBuildFile; fileRef = 4A6DBA43254B53C700D4B341 /* QueuedPublisher.swift */; };
/* End PBXBuildFile section */

/* Begin PBXFileReference section */
		4A6DBA24254B516900D4B341 /* PublisherQueue.app */ = {isa = PBXFileReference; explicitFileType = wrapper.application; includeInIndex = 0; path = PublisherQueue.app; sourceTree = BUILT_PRODUCTS_DIR; };
		4A6DBA27254B516900D4B341 /* AppDelegate.swift */ = {isa = PBXFileReference; lastKnownFileType = sourcecode.swift; path = AppDelegate.swift; sourceTree = "<group>"; };
		4A6DBA29254B516900D4B341 /* SceneDelegate.swift */ = {isa = PBXFileReference; lastKnownFileType = sourcecode.swift; path = SceneDelegate.swift; sourceTree = "<group>"; };
		4A6DBA2B254B516900D4B341 /* ViewController.swift */ = {isa = PBXFileReference; lastKnownFileType = sourcecode.swift; path = ViewController.swift; sourceTree = "<group>"; };
		4A6DBA2E254B516900D4B341 /* Base */ = {isa = PBXFileReference; lastKnownFileType = file.storyboard; name = Base; path = Base.lproj/Main.storyboard; sourceTree = "<group>"; };
		4A6DBA30254B516B00D4B341 /* Assets.xcassets */ = {isa = PBXFileReference; lastKnownFileType = folder.assetcatalog; path = Assets.xcassets; sourceTree = "<group>"; };
		4A6DBA33254B516B00D4B341 /* Base */ = {isa = PBXFileReference; lastKnownFileType = file.storyboard; name = Base; path = Base.lproj/LaunchScreen.storyboard; sourceTree = "<group>"; };
		4A6DBA35254B516B00D4B341 /* Info.plist */ = {isa = PBXFileReference; lastKnownFileType = text.plist.xml; path = Info.plist; sourceTree = "<group>"; };
		4A6DBA3C254B517300D4B341 /* AnyEventPublisher.swift */ = {isa = PBXFileReference; fileEncoding = 4; lastKnownFileType = sourcecode.swift; path = AnyEventPublisher.swift; sourceTree = "<group>"; };
		4A6DBA3F254B518200D4B341 /* PublisherQueue.swift */ = {isa = PBXFileReference; lastKnownFileType = sourcecode.swift; path = PublisherQueue.swift; sourceTree = "<group>"; };
		4A6DBA43254B53C700D4B341 /* QueuedPublisher.swift */ = {isa = PBXFileReference; lastKnownFileType = sourcecode.swift; path = QueuedPublisher.swift; sourceTree = "<group>"; };
/* End PBXFileReference section */

/* Begin PBXFrameworksBuildPhase section */
		4A6DBA21254B516900D4B341 /* Frameworks */ = {
			isa = PBXFrameworksBuildPhase;
			buildActionMask = 2147483647;
			files = (
			);
			runOnlyForDeploymentPostprocessing = 0;
		};
/* End PBXFrameworksBuildPhase section */

/* Begin PBXGroup section */
		4A6DBA1B254B516900D4B341 = {
			isa = PBXGroup;
			children = (
				4A6DBA26254B516900D4B341 /* PublisherQueue */,
				4A6DBA25254B516900D4B341 /* Products */,
			);
			sourceTree = "<group>";
		};
		4A6DBA25254B516900D4B341 /* Products */ = {
			isa = PBXGroup;
			children = (
				4A6DBA24254B516900D4B341 /* PublisherQueue.app */,
			);
			name = Products;
			sourceTree = "<group>";
		};
		4A6DBA26254B516900D4B341 /* PublisherQueue */ = {
			isa = PBXGroup;
			children = (
				4A6DBA3C254B517300D4B341 /* AnyEventPublisher.swift */,
				4A6DBA27254B516900D4B341 /* AppDelegate.swift */,
				4A6DBA3F254B518200D4B341 /* PublisherQueue.swift */,
				4A6DBA43254B53C700D4B341 /* QueuedPublisher.swift */,
				4A6DBA29254B516900D4B341 /* SceneDelegate.swift */,
				4A6DBA2B254B516900D4B341 /* ViewController.swift */,
				4A6DBA2D254B516900D4B341 /* Main.storyboard */,
				4A6DBA30254B516B00D4B341 /* Assets.xcassets */,
				4A6DBA32254B516B00D4B341 /* LaunchScreen.storyboard */,
				4A6DBA35254B516B00D4B341 /* Info.plist */,
			);
			path = PublisherQueue;
			sourceTree = "<group>";
		};
/* End PBXGroup section */

/* Begin PBXNativeTarget section */
		4A6DBA23254B516900D4B341 /* PublisherQueue */ = {
			isa = PBXNativeTarget;
			buildConfigurationList = 4A6DBA38254B516B00D4B341 /* Build configuration list for PBXNativeTarget "PublisherQueue" */;
			buildPhases = (
				4A6DBA20254B516900D4B341 /* Sources */,
				4A6DBA21254B516900D4B341 /* Frameworks */,
				4A6DBA22254B516900D4B341 /* Resources */,
			);
			buildRules = (
			);
			dependencies = (
			);
			name = PublisherQueue;
			productName = PublisherQueue;
			productReference = 4A6DBA24254B516900D4B341 /* PublisherQueue.app */;
			productType = "com.apple.product-type.application";
		};
/* End PBXNativeTarget section */

/* Begin PBXProject section */
		4A6DBA1C254B516900D4B341 /* Project object */ = {
			isa = PBXProject;
			attributes = {
				LastSwiftUpdateCheck = 1210;
				LastUpgradeCheck = 1210;
				TargetAttributes = {
					4A6DBA23254B516900D4B341 = {
						CreatedOnToolsVersion = 12.1;
					};
				};
			};
			buildConfigurationList = 4A6DBA1F254B516900D4B341 /* Build configuration list for PBXProject "PublisherQueue" */;
			compatibilityVersion = "Xcode 9.3";
			developmentRegion = en;
			hasScannedForEncodings = 0;
			knownRegions = (
				en,
				Base,
			);
			mainGroup = 4A6DBA1B254B516900D4B341;
			productRefGroup = 4A6DBA25254B516900D4B341 /* Products */;
			projectDirPath = "";
			projectRoot = "";
			targets = (
				4A6DBA23254B516900D4B341 /* PublisherQueue */,
			);
		};
/* End PBXProject section */

/* Begin PBXResourcesBuildPhase section */
		4A6DBA22254B516900D4B341 /* Resources */ = {
			isa = PBXResourcesBuildPhase;
			buildActionMask = 2147483647;
			files = (
				4A6DBA34254B516B00D4B341 /* LaunchScreen.storyboard in Resources */,
				4A6DBA31254B516B00D4B341 /* Assets.xcassets in Resources */,
				4A6DBA2F254B516900D4B341 /* Main.storyboard in Resources */,
			);
			runOnlyForDeploymentPostprocessing = 0;
		};
/* End PBXResourcesBuildPhase section */

/* Begin PBXSourcesBuildPhase section */
		4A6DBA20254B516900D4B341 /* Sources */ = {
			isa = PBXSourcesBuildPhase;
			buildActionMask = 2147483647;
			files = (
				4A6DBA2C254B516900D4B341 /* ViewController.swift in Sources */,
				4A6DBA40254B518200D4B341 /* PublisherQueue.swift in Sources */,
				4A6DBA28254B516900D4B341 /* AppDelegate.swift in Sources */,
				4A6DBA3D254B517300D4B341 /* AnyEventPublisher.swift in Sources */,
				4A6DBA2A254B516900D4B341 /* SceneDelegate.swift in Sources */,
				4A6DBA44254B53C700D4B341 /* QueuedPublisher.swift in Sources */,
			);
			runOnlyForDeploymentPostprocessing = 0;
		};
/* End PBXSourcesBuildPhase section */

/* Begin PBXVariantGroup section */
		4A6DBA2D254B516900D4B341 /* Main.storyboard */ = {
			isa = PBXVariantGroup;
			children = (
				4A6DBA2E254B516900D4B341 /* Base */,
			);
			name = Main.storyboard;
			sourceTree = "<group>";
		};
		4A6DBA32254B516B00D4B341 /* LaunchScreen.storyboard */ = {
			isa = PBXVariantGroup;
			children = (
				4A6DBA33254B516B00D4B341 /* Base */,
			);
			name = LaunchScreen.storyboard;
			sourceTree = "<group>";
		};
/* End PBXVariantGroup section */

/* Begin XCBuildConfiguration section */
		4A6DBA36254B516B00D4B341 /* Debug */ = {
			isa = XCBuildConfiguration;
			buildSettings = {
				ALWAYS_SEARCH_USER_PATHS = NO;
				CLANG_ANALYZER_NONNULL = YES;
				CLANG_ANALYZER_NUMBER_OBJECT_CONVERSION = YES_AGGRESSIVE;
				CLANG_CXX_LANGUAGE_STANDARD = "gnu++14";
				CLANG_CXX_LIBRARY = "libc++";
				CLANG_ENABLE_MODULES = YES;
				CLANG_ENABLE_OBJC_ARC = YES;
				CLANG_ENABLE_OBJC_WEAK = YES;
				CLANG_WARN_BLOCK_CAPTURE_AUTORELEASING = YES;
				CLANG_WARN_BOOL_CONVERSION = YES;
				CLANG_WARN_COMMA = YES;
				CLANG_WARN_CONSTANT_CONVERSION = YES;
				CLANG_WARN_DEPRECATED_OBJC_IMPLEMENTATIONS = YES;
				CLANG_WARN_DIRECT_OBJC_ISA_USAGE = YES_ERROR;
				CLANG_WARN_DOCUMENTATION_COMMENTS = YES;
				CLANG_WARN_EMPTY_BODY = YES;
				CLANG_WARN_ENUM_CONVERSION = YES;
				CLANG_WARN_INFINITE_RECURSION = YES;
				CLANG_WARN_INT_CONVERSION = YES;
				CLANG_WARN_NON_LITERAL_NULL_CONVERSION = YES;
				CLANG_WARN_OBJC_IMPLICIT_RETAIN_SELF = YES;
				CLANG_WARN_OBJC_LITERAL_CONVERSION = YES;
				CLANG_WARN_OBJC_ROOT_CLASS = YES_ERROR;
				CLANG_WARN_QUOTED_INCLUDE_IN_FRAMEWORK_HEADER = YES;
				CLANG_WARN_RANGE_LOOP_ANALYSIS = YES;
				CLANG_WARN_STRICT_PROTOTYPES = YES;
				CLANG_WARN_SUSPICIOUS_MOVE = YES;
				CLANG_WARN_UNGUARDED_AVAILABILITY = YES_AGGRESSIVE;
				CLANG_WARN_UNREACHABLE_CODE = YES;
				CLANG_WARN__DUPLICATE_METHOD_MATCH = YES;
				COPY_PHASE_STRIP = NO;
				DEBUG_INFORMATION_FORMAT = dwarf;
				ENABLE_STRICT_OBJC_MSGSEND = YES;
				ENABLE_TESTABILITY = YES;
				GCC_C_LANGUAGE_STANDARD = gnu11;
				GCC_DYNAMIC_NO_PIC = NO;
				GCC_NO_COMMON_BLOCKS = YES;
				GCC_OPTIMIZATION_LEVEL = 0;
				GCC_PREPROCESSOR_DEFINITIONS = (
					"DEBUG=1",
					"$(inherited)",
				);
				GCC_WARN_64_TO_32_BIT_CONVERSION = YES;
				GCC_WARN_ABOUT_RETURN_TYPE = YES_ERROR;
				GCC_WARN_UNDECLARED_SELECTOR = YES;
				GCC_WARN_UNINITIALIZED_AUTOS = YES_AGGRESSIVE;
				GCC_WARN_UNUSED_FUNCTION = YES;
				GCC_WARN_UNUSED_VARIABLE = YES;
				IPHONEOS_DEPLOYMENT_TARGET = 14.1;
				MTL_ENABLE_DEBUG_INFO = INCLUDE_SOURCE;
				MTL_FAST_MATH = YES;
				ONLY_ACTIVE_ARCH = YES;
				SDKROOT = iphoneos;
				SWIFT_ACTIVE_COMPILATION_CONDITIONS = DEBUG;
				SWIFT_OPTIMIZATION_LEVEL = "-Onone";
			};
			name = Debug;
		};
		4A6DBA37254B516B00D4B341 /* Release */ = {
			isa = XCBuildConfiguration;
			buildSettings = {
				ALWAYS_SEARCH_USER_PATHS = NO;
				CLANG_ANALYZER_NONNULL = YES;
				CLANG_ANALYZER_NUMBER_OBJECT_CONVERSION = YES_AGGRESSIVE;
				CLANG_CXX_LANGUAGE_STANDARD = "gnu++14";
				CLANG_CXX_LIBRARY = "libc++";
				CLANG_ENABLE_MODULES = YES;
				CLANG_ENABLE_OBJC_ARC = YES;
				CLANG_ENABLE_OBJC_WEAK = YES;
				CLANG_WARN_BLOCK_CAPTURE_AUTORELEASING = YES;
				CLANG_WARN_BOOL_CONVERSION = YES;
				CLANG_WARN_COMMA = YES;
				CLANG_WARN_CONSTANT_CONVERSION = YES;
				CLANG_WARN_DEPRECATED_OBJC_IMPLEMENTATIONS = YES;
				CLANG_WARN_DIRECT_OBJC_ISA_USAGE = YES_ERROR;
				CLANG_WARN_DOCUMENTATION_COMMENTS = YES;
				CLANG_WARN_EMPTY_BODY = YES;
				CLANG_WARN_ENUM_CONVERSION = YES;
				CLANG_WARN_INFINITE_RECURSION = YES;
				CLANG_WARN_INT_CONVERSION = YES;
				CLANG_WARN_NON_LITERAL_NULL_CONVERSION = YES;
				CLANG_WARN_OBJC_IMPLICIT_RETAIN_SELF = YES;
				CLANG_WARN_OBJC_LITERAL_CONVERSION = YES;
				CLANG_WARN_OBJC_ROOT_CLASS = YES_ERROR;
				CLANG_WARN_QUOTED_INCLUDE_IN_FRAMEWORK_HEADER = YES;
				CLANG_WARN_RANGE_LOOP_ANALYSIS = YES;
				CLANG_WARN_STRICT_PROTOTYPES = YES;
				CLANG_WARN_SUSPICIOUS_MOVE = YES;
				CLANG_WARN_UNGUARDED_AVAILABILITY = YES_AGGRESSIVE;
				CLANG_WARN_UNREACHABLE_CODE = YES;
				CLANG_WARN__DUPLICATE_METHOD_MATCH = YES;
				COPY_PHASE_STRIP = NO;
				DEBUG_INFORMATION_FORMAT = "dwarf-with-dsym";
				ENABLE_NS_ASSERTIONS = NO;
				ENABLE_STRICT_OBJC_MSGSEND = YES;
				GCC_C_LANGUAGE_STANDARD = gnu11;
				GCC_NO_COMMON_BLOCKS = YES;
				GCC_WARN_64_TO_32_BIT_CONVERSION = YES;
				GCC_WARN_ABOUT_RETURN_TYPE = YES_ERROR;
				GCC_WARN_UNDECLARED_SELECTOR = YES;
				GCC_WARN_UNINITIALIZED_AUTOS = YES_AGGRESSIVE;
				GCC_WARN_UNUSED_FUNCTION = YES;
				GCC_WARN_UNUSED_VARIABLE = YES;
				IPHONEOS_DEPLOYMENT_TARGET = 14.1;
				MTL_ENABLE_DEBUG_INFO = NO;
				MTL_FAST_MATH = YES;
				SDKROOT = iphoneos;
				SWIFT_COMPILATION_MODE = wholemodule;
				SWIFT_OPTIMIZATION_LEVEL = "-O";
				VALIDATE_PRODUCT = YES;
			};
			name = Release;
		};
		4A6DBA39254B516B00D4B341 /* Debug */ = {
			isa = XCBuildConfiguration;
			buildSettings = {
				ASSETCATALOG_COMPILER_APPICON_NAME = AppIcon;
				ASSETCATALOG_COMPILER_GLOBAL_ACCENT_COLOR_NAME = AccentColor;
				CODE_SIGN_STYLE = Automatic;
				INFOPLIST_FILE = PublisherQueue/Info.plist;
				LD_RUNPATH_SEARCH_PATHS = (
					"$(inherited)",
					"@executable_path/Frameworks",
				);
				PRODUCT_BUNDLE_IDENTIFIER = me.sharplet.PublisherQueue;
				PRODUCT_NAME = "$(TARGET_NAME)";
				SWIFT_VERSION = 5.0;
				TARGETED_DEVICE_FAMILY = "1,2";
			};
			name = Debug;
		};
		4A6DBA3A254B516B00D4B341 /* Release */ = {
			isa = XCBuildConfiguration;
			buildSettings = {
				ASSETCATALOG_COMPILER_APPICON_NAME = AppIcon;
				ASSETCATALOG_COMPILER_GLOBAL_ACCENT_COLOR_NAME = AccentColor;
				CODE_SIGN_STYLE = Automatic;
				INFOPLIST_FILE = PublisherQueue/Info.plist;
				LD_RUNPATH_SEARCH_PATHS = (
					"$(inherited)",
					"@executable_path/Frameworks",
				);
				PRODUCT_BUNDLE_IDENTIFIER = me.sharplet.PublisherQueue;
				PRODUCT_NAME = "$(TARGET_NAME)";
				SWIFT_VERSION = 5.0;
				TARGETED_DEVICE_FAMILY = "1,2";
			};
			name = Release;
		};
/* End XCBuildConfiguration section */

/* Begin XCConfigurationList section */
		4A6DBA1F254B516900D4B341 /* Build configuration list for PBXProject "PublisherQueue" */ = {
			isa = XCConfigurationList;
			buildConfigurations = (
				4A6DBA36254B516B00D4B341 /* Debug */,
				4A6DBA37254B516B00D4B341 /* Release */,
			);
			defaultConfigurationIsVisible = 0;
			defaultConfigurationName = Release;
		};
		4A6DBA38254B516B00D4B341 /* Build configuration list for PBXNativeTarget "PublisherQueue" */ = {
			isa = XCConfigurationList;
			buildConfigurations = (
				4A6DBA39254B516B00D4B341 /* Debug */,
				4A6DBA3A254B516B00D4B341 /* Release */,
			);
			defaultConfigurationIsVisible = 0;
			defaultConfigurationName = Release;
		};
/* End XCConfigurationList section */
	};
	rootObject = 4A6DBA1C254B516900D4B341 /* Project object */;
}
